
Microsoft Visual Studio Solution File, Format Version 12.00
# Visual Studio Version 17
VisualStudioVersion = 17.13.35828.75
MinimumVisualStudioVersion = 10.0.40219.1
Project("{FAE04EC0-301F-11D3-BF4B-00C04F79EFBC}") = "AdventureGame.Cli", "AdventureGame.Cli\AdventureGame.Cli.csproj", "{03BBB851-1897-41BB-B6A4-068B22714508}"
EndProject
Project("{FAE04EC0-301F-11D3-BF4B-00C04F79EFBC}") = "AdventureGame.Core", "AdventureGame.Core\AdventureGame.Core.csproj", "{B1EF9A3B-C058-4B9F-9E45-BF37A9C3B126}"
EndProject
Project("{2150E333-8FDC-42A3-9474-1A3956D46DE8}") = "Solution Items", "Solution Items", "{8EC462FD-D22E-90A8-E5CE-7E832BA40C5D}"
	ProjectSection(SolutionItems) = preProject
		..\..\..\..\..\OneDrive\Desktop\Dawson Casey UML Project 1.pdf = ..\..\..\..\..\OneDrive\Desktop\Dawson Casey UML Project 1.pdf
		README.md = README.md
	EndProjectSection
EndProject
Global
	GlobalSection(SolutionConfigurationPlatforms) = preSolution
		Debug|Any CPU = Debug|Any CPU
		Release|Any CPU = Release|Any CPU
	EndGlobalSection
	GlobalSection(ProjectConfigurationPlatforms) = postSolution
		{03BBB851-1897-41BB-B6A4-068B22714508}.Debug|Any CPU.ActiveCfg = Debug|Any CPU
		{03BBB851-1897-41BB-B6A4-068B22714508}.Debug|Any CPU.Build.0 = Debug|Any CPU
		{03BBB851-1897-41BB-B6A4-068B22714508}.Release|Any CPU.ActiveCfg = Release|Any CPU
		{03BBB851-1897-41BB-B6A4-068B22714508}.Release|Any CPU.Build.0 = Release|Any CPU
		{B1EF9A3B-C058-4B9F-9E45-BF37A9C3B126}.Debug|Any CPU.ActiveCfg = Debug|Any CPU
		{B1EF9A3B-C058-4B9F-9E45-BF37A9C3B126}.Debug|Any CPU.Build.0 = Debug|Any CPU
		{B1EF9A3B-C058-4B9F-9E45-BF37A9C3B126}.Release|Any CPU.ActiveCfg = Release|Any CPU
		{B1EF9A3B-C058-4B9F-9E45-BF37A9C3B126}.Release|Any CPU.Build.0 = Release|Any CPU
	EndGlobalSection
	GlobalSection(SolutionProperties) = preSolution
		HideSolutionNode = FALSE
	EndGlobalSection
	GlobalSection(ExtensibilityGlobals) = postSolution
		SolutionGuid = {6045D76C-3542-4894-8BD2-9B5E4BE5C3DA}
	EndGlobalSection
EndGlobal
